// !$*UTF8*$!
{
	archiveVersion = 1;
	classes = {
	};
	objectVersion = 56;
	objects = {

/* Begin PBXBuildFile section */
		BB0001AA00000000000001AA /* DigicamApp.swift in Sources */ = {isa = PBXBuildFile; fileRef = AA0001AA00000000000001AA /* DigicamApp.swift */; };
		BB0002AA00000000000002AA /* ContentView.swift in Sources */ = {isa = PBXBuildFile; fileRef = AA0002AA00000000000002AA /* ContentView.swift */; };
		BB0003AA00000000000003AA /* CameraManager.swift in Sources */ = {isa = PBXBuildFile; fileRef = AA0003AA00000000000003AA /* CameraManager.swift */; };
		BB0004AA00000000000004AA /* CameraPreviewView.swift in Sources */ = {isa = PBXBuildFile; fileRef = AA0004AA00000000000004AA /* CameraPreviewView.swift */; };
		BB0005AA00000000000005AA /* PhotoCaptureProcessor.swift in Sources */ = {isa = PBXBuildFile; fileRef = AA0005AA00000000000005AA /* PhotoCaptureProcessor.swift */; };
		BB0007AA00000000000007AA /* Assets.xcassets in Resources */ = {isa = PBXBuildFile; fileRef = AA0007AA00000000000007AA /* Assets.xcassets */; };
		BB0008AA00000000000008AA /* GalleryView.swift in Sources */ = {isa = PBXBuildFile; fileRef = AA0008AA00000000000008AA /* GalleryView.swift */; };
		BB0009AA00000000000009AA /* AppRootView.swift in Sources */ = {isa = PBXBuildFile; fileRef = AA0009AA00000000000009AA /* AppRootView.swift */; };
		BB0010AA00000000000010AA /* BottomToggle.swift in Sources */ = {isa = PBXBuildFile; fileRef = AA0010AA00000000000010AA /* BottomToggle.swift */; };
		BB0011AA00000000000011AA /* PhotoLibraryManager.swift in Sources */ = {isa = PBXBuildFile; fileRef = AA0011AA00000000000011AA /* PhotoLibraryManager.swift */; };
		BB0012AA00000000000012AA /* AlbumGridView.swift in Sources */ = {isa = PBXBuildFile; fileRef = AA0012AA00000000000012AA /* AlbumGridView.swift */; };
		BB0013AA00000000000013AA /* AlbumDetailView.swift in Sources */ = {isa = PBXBuildFile; fileRef = AA0013AA00000000000013AA /* AlbumDetailView.swift */; };
		BB0014AA00000000000014AA /* PhotoDetailView.swift in Sources */ = {isa = PBXBuildFile; fileRef = AA0014AA00000000000014AA /* PhotoDetailView.swift */; };
		BB0015AA00000000000015AA /* RotaryNavigationView.swift in Sources */ = {isa = PBXBuildFile; fileRef = AA0015AA00000000000015AA /* RotaryNavigationView.swift */; };
		BB0016AA00000000000016AA /* AlbumEditView.swift in Sources */ = {isa = PBXBuildFile; fileRef = AA0016AA00000000000016AA /* AlbumEditView.swift */; };
		BB0017AA00000000000017AA /* AlbumSearchUtility.swift in Sources */ = {isa = PBXBuildFile; fileRef = AA0017AA00000000000017AA /* AlbumSearchUtility.swift */; };
		BB0018AA00000000000018AA /* AlbumSearchView.swift in Sources */ = {isa = PBXBuildFile; fileRef = AA0018AA00000000000018AA /* AlbumSearchView.swift */; };
		BB0019AA00000000000019AA /* PeepholeImageProcessor.swift in Sources */ = {isa = PBXBuildFile; fileRef = AA0019AA00000000000019AA /* PeepholeImageProcessor.swift */; };
		BB0020AA00000000000020AA /* PeepholeAlbumCover.swift in Sources */ = {isa = PBXBuildFile; fileRef = AA0020AA00000000000020AA /* PeepholeAlbumCover.swift */; };
		BB0021AA00000000000021AA /* PeepholeLensOverlay.swift in Sources */ = {isa = PBXBuildFile; fileRef = AA0021AA00000000000021AA /* PeepholeLensOverlay.swift */; };
		BB0022AA00000000000022AA /* PeepholeAlbumCoverTestView.swift in Sources */ = {isa = PBXBuildFile; fileRef = AA0022AA00000000000022AA /* PeepholeAlbumCoverTestView.swift */; };
		BB0023AA00000000000023AA /* PhotoGridFrameKey.swift in Sources */ = {isa = PBXBuildFile; fileRef = AA0023AA00000000000023AA /* PhotoGridFrameKey.swift */; };
		BB0025AA00000000000025AA /* BlockedApp.swift in Sources */ = {isa = PBXBuildFile; fileRef = AA0025AA00000000000025AA /* BlockedApp.swift */; };
		BB0026AA00000000000026AA /* AppBlockingManager.swift in Sources */ = {isa = PBXBuildFile; fileRef = AA0026AA00000000000026AA /* AppBlockingManager.swift */; };
		BB0027AA00000000000027AA /* SettingsView.swift in Sources */ = {isa = PBXBuildFile; fileRef = AA0027AA00000000000027AA /* SettingsView.swift */; };
		BB0028AA00000000000028AA /* ModeBadge.swift in Sources */ = {isa = PBXBuildFile; fileRef = AA0028AA00000000000028AA /* ModeBadge.swift */; };
		BB0031AA00000000000031AA /* ExitIYSOModal.swift in Sources */ = {isa = PBXBuildFile; fileRef = AA0031AA00000000000031AA /* ExitIYSOModal.swift */; };
		BB0032AA00000000000032AA /* OnboardingProgressDots.swift in Sources */ = {isa = PBXBuildFile; fileRef = AA0032AA00000000000032AA /* OnboardingProgressDots.swift */; };
		BB0033AA00000000000033AA /* NameEntryScreen.swift in Sources */ = {isa = PBXBuildFile; fileRef = AA0033AA00000000000033AA /* NameEntryScreen.swift */; };
		BB0034AA00000000000034AA /* WelcomeScreen.swift in Sources */ = {isa = PBXBuildFile; fileRef = AA0034AA00000000000034AA /* WelcomeScreen.swift */; };
		BB0035AA00000000000035AA /* ExplainerScreen.swift in Sources */ = {isa = PBXBuildFile; fileRef = AA0035AA00000000000035AA /* ExplainerScreen.swift */; };
		BB0036AA00000000000036AA /* AppBlockingSetupScreen.swift in Sources */ = {isa = PBXBuildFile; fileRef = AA0036AA00000000000036AA /* AppBlockingSetupScreen.swift */; };
		BB0039AA00000000000039AA /* MemoryModeEntryScreen.swift in Sources */ = {isa = PBXBuildFile; fileRef = AA0039AA00000000000039AA /* MemoryModeEntryScreen.swift */; };
		BB0040AA00000000000040AA /* OnboardingCoordinator.swift in Sources */ = {isa = PBXBuildFile; fileRef = AA0040AA00000000000040AA /* OnboardingCoordinator.swift */; };
		BB0042AA00000000000042AA /* AppCapabilities.swift in Sources */ = {isa = PBXBuildFile; fileRef = AA0042AA00000000000042AA /* AppCapabilities.swift */; };
		BB0043AA00000000000043AA /* IYSOLoadingScreen.swift in Sources */ = {isa = PBXBuildFile; fileRef = AA0043AA00000000000043AA /* IYSOLoadingScreen.swift */; };
		BB0044AA00000000000044AA /* CapturePermissionSetupScreen.swift in Sources */ = {isa = PBXBuildFile; fileRef = AA0044AA00000000000044AA /* CapturePermissionSetupScreen.swift */; };
		BB0045AA00000000000045AA /* IYSOFont.swift in Sources */ = {isa = PBXBuildFile; fileRef = AA0045AA00000000000045AA /* IYSOFont.swift */; };
		BB0046AA00000000000046AA /* BootzyTM.ttf in Resources */ = {isa = PBXBuildFile; fileRef = AA0046AA00000000000046AA /* BootzyTM.ttf */; };
		BB0047AA00000000000047AA /* Inter-Regular.ttf in Resources */ = {isa = PBXBuildFile; fileRef = AA0047AA00000000000047AA /* Inter-Regular.ttf */; };
		BB0048AA00000000000048AA /* IYSOGlassSurface.swift in Sources */ = {isa = PBXBuildFile; fileRef = AA0048AA00000000000048AA /* IYSOGlassSurface.swift */; };
		BB0049AA00000000000049AA /* OnboardingContinueButton.swift in Sources */ = {isa = PBXBuildFile; fileRef = AA0049AA00000000000049AA /* OnboardingContinueButton.swift */; };
		BB004AAA0000000000004AAA /* OnboardingBackButton.swift in Sources */ = {isa = PBXBuildFile; fileRef = AA004AAA0000000000004AAA /* OnboardingBackButton.swift */; };
		BB004CAA0000000000004CAA /* IYSOShootingModeAnimationView.swift in Sources */ = {isa = PBXBuildFile; fileRef = AA004CAA0000000000004CAA /* IYSOShootingModeAnimationView.swift */; };
		BB004DAA0000000000004DAA /* ExitIYSOModeButton.swift in Sources */ = {isa = PBXBuildFile; fileRef = AA004DAA0000000000004DAA /* ExitIYSOModeButton.swift */; };
		BB004EAA0000000000004EAA /* ExitIYSOModeAnimationView.swift in Sources */ = {isa = PBXBuildFile; fileRef = AA004EAA0000000000004EAA /* ExitIYSOModeAnimationView.swift */; };
		BB0050AA00000000000050AA /* DebugOverrides.swift in Sources */ = {isa = PBXBuildFile; fileRef = AA0050AA00000000000050AA /* DebugOverrides.swift */; };
		BB0051AA00000000000051AA /* PhotoFileNameEditView.swift in Sources */ = {isa = PBXBuildFile; fileRef = AA0051AA00000000000051AA /* PhotoFileNameEditView.swift */; };
		BB0052AA00000000000052AA /* BlockedAppIconView.swift in Sources */ = {isa = PBXBuildFile; fileRef = AA0052AA00000000000052AA /* BlockedAppIconView.swift */; };
		BB0056AA00000000000056AA /* IYSOStateManager.swift in Sources */ = {isa = PBXBuildFile; fileRef = AA0056AA00000000000056AA /* IYSOStateManager.swift */; };
		BB0057AA00000000000057AA /* AppBlockingSettingsView.swift in Sources */ = {isa = PBXBuildFile; fileRef = AA0057AA00000000000057AA /* AppBlockingSettingsView.swift */; };
		BB0058AA00000000000058AA /* EnterIYSOModeModal.swift in Sources */ = {isa = PBXBuildFile; fileRef = AA0058AA00000000000058AA /* EnterIYSOModeModal.swift */; };
		BB0059AA00000000000059AA /* FamilyControlsSetupPanel.swift in Sources */ = {isa = PBXBuildFile; fileRef = AA0059AA00000000000059AA /* FamilyControlsSetupPanel.swift */; };
		BB0060AA00000000000060AA /* IYSOReturnNotificationCenter.swift in Sources */ = {isa = PBXBuildFile; fileRef = AA0060AA00000000000060AA /* IYSOReturnNotificationCenter.swift */; };
		BB0061AA00000000000061AA /* ShieldConfigurationExtension.swift in Sources */ = {isa = PBXBuildFile; fileRef = AA0061AA00000000000061AA /* ShieldConfigurationExtension.swift */; };
		BB0062AA00000000000062AA /* ShieldActionExtension.swift in Sources */ = {isa = PBXBuildFile; fileRef = AA0062AA00000000000062AA /* ShieldActionExtension.swift */; };
		BB0063AA00000000000063AA /* IYSOShieldConfiguration.appex in Embed Foundation Extensions */ = {isa = PBXBuildFile; fileRef = DD0003AA00000000000003AA /* IYSOShieldConfiguration.appex */; settings = {ATTRIBUTES = (RemoveHeadersOnCopy, ); }; };
		BB0064AA00000000000064AA /* IYSOShieldAction.appex in Embed Foundation Extensions */ = {isa = PBXBuildFile; fileRef = DD0004AA00000000000004AA /* IYSOShieldAction.appex */; settings = {ATTRIBUTES = (RemoveHeadersOnCopy, ); }; };
		BB0067AA00000000000067AA /* LensAttachAnimationView.swift in Sources */ = {isa = PBXBuildFile; fileRef = AA0067AA00000000000067AA /* LensAttachAnimationView.swift */; };
		EE0004AA00000000000004AA /* ManagedSettingsUI.framework in Frameworks */ = {isa = PBXBuildFile; fileRef = KK0002AA00000000000002AA /* ManagedSettingsUI.framework */; };
		EE0005AA00000000000005AA /* ManagedSettings.framework in Frameworks */ = {isa = PBXBuildFile; fileRef = KK0001AA00000000000001AA /* ManagedSettings.framework */; };
		EE0006AA00000000000006AA /* ManagedSettings.framework in Frameworks */ = {isa = PBXBuildFile; fileRef = KK0001AA00000000000001AA /* ManagedSettings.framework */; };
/* End PBXBuildFile section */

/* Begin PBXContainerItemProxy section */
		KK0003AA00000000000003AA /* PBXContainerItemProxy */ = {
			isa = PBXContainerItemProxy;
			containerPortal = HH0001AA00000000000001AA /* Project object */;
			proxyType = 1;
			remoteGlobalIDString = DD0005AA00000000000005AA;
			remoteInfo = IYSOShieldConfiguration;
		};
		KK0004AA00000000000004AA /* PBXContainerItemProxy */ = {
			isa = PBXContainerItemProxy;
			containerPortal = HH0001AA00000000000001AA /* Project object */;
			proxyType = 1;
			remoteGlobalIDString = DD0006AA00000000000006AA;
			remoteInfo = IYSOShieldAction;
		};
/* End PBXContainerItemProxy section */

/* Begin PBXCopyFilesBuildPhase section */
		II0001AA00000000000001AA /* Embed Foundation Extensions */ = {
			isa = PBXCopyFilesBuildPhase;
			buildActionMask = 2147483647;
			dstPath = "";
			dstSubfolderSpec = 13;
			files = (
				BB0063AA00000000000063AA /* IYSOShieldConfiguration.appex in Embed Foundation Extensions */,
				BB0064AA00000000000064AA /* IYSOShieldAction.appex in Embed Foundation Extensions */,
			);
			name = "Embed Foundation Extensions";
			runOnlyForDeploymentPostprocessing = 0;
		};
/* End PBXCopyFilesBuildPhase section */

/* Begin PBXFileReference section */
		AA0001AA00000000000001AA /* DigicamApp.swift */ = {isa = PBXFileReference; lastKnownFileType = sourcecode.swift; path = DigicamApp.swift; sourceTree = "<group>"; };
		AA0002AA00000000000002AA /* ContentView.swift */ = {isa = PBXFileReference; lastKnownFileType = sourcecode.swift; path = ContentView.swift; sourceTree = "<group>"; };
		AA0003AA00000000000003AA /* CameraManager.swift */ = {isa = PBXFileReference; lastKnownFileType = sourcecode.swift; path = CameraManager.swift; sourceTree = "<group>"; };
		AA0004AA00000000000004AA /* CameraPreviewView.swift */ = {isa = PBXFileReference; lastKnownFileType = sourcecode.swift; path = CameraPreviewView.swift; sourceTree = "<group>"; };
		AA0005AA00000000000005AA /* PhotoCaptureProcessor.swift */ = {isa = PBXFileReference; lastKnownFileType = sourcecode.swift; path = PhotoCaptureProcessor.swift; sourceTree = "<group>"; };
		AA0006AA00000000000006AA /* Info.plist */ = {isa = PBXFileReference; lastKnownFileType = text.plist.xml; path = Info.plist; sourceTree = "<group>"; };
		AA0007AA00000000000007AA /* Assets.xcassets */ = {isa = PBXFileReference; lastKnownFileType = folder.assetcatalog; path = Assets.xcassets; sourceTree = "<group>"; };
		AA0008AA00000000000008AA /* GalleryView.swift */ = {isa = PBXFileReference; lastKnownFileType = sourcecode.swift; path = GalleryView.swift; sourceTree = "<group>"; };
		AA0009AA00000000000009AA /* AppRootView.swift */ = {isa = PBXFileReference; lastKnownFileType = sourcecode.swift; path = AppRootView.swift; sourceTree = "<group>"; };
		AA0010AA00000000000010AA /* BottomToggle.swift */ = {isa = PBXFileReference; lastKnownFileType = sourcecode.swift; path = BottomToggle.swift; sourceTree = "<group>"; };
		AA0011AA00000000000011AA /* PhotoLibraryManager.swift */ = {isa = PBXFileReference; lastKnownFileType = sourcecode.swift; path = PhotoLibraryManager.swift; sourceTree = "<group>"; };
		AA0012AA00000000000012AA /* AlbumGridView.swift */ = {isa = PBXFileReference; lastKnownFileType = sourcecode.swift; path = AlbumGridView.swift; sourceTree = "<group>"; };
		AA0013AA00000000000013AA /* AlbumDetailView.swift */ = {isa = PBXFileReference; lastKnownFileType = sourcecode.swift; path = AlbumDetailView.swift; sourceTree = "<group>"; };
		AA0014AA00000000000014AA /* PhotoDetailView.swift */ = {isa = PBXFileReference; lastKnownFileType = sourcecode.swift; path = PhotoDetailView.swift; sourceTree = "<group>"; };
		AA0015AA00000000000015AA /* RotaryNavigationView.swift */ = {isa = PBXFileReference; lastKnownFileType = sourcecode.swift; path = RotaryNavigationView.swift; sourceTree = "<group>"; };
		AA0016AA00000000000016AA /* AlbumEditView.swift */ = {isa = PBXFileReference; lastKnownFileType = sourcecode.swift; path = AlbumEditView.swift; sourceTree = "<group>"; };
		AA0017AA00000000000017AA /* AlbumSearchUtility.swift */ = {isa = PBXFileReference; lastKnownFileType = sourcecode.swift; path = AlbumSearchUtility.swift; sourceTree = "<group>"; };
		AA0018AA00000000000018AA /* AlbumSearchView.swift */ = {isa = PBXFileReference; lastKnownFileType = sourcecode.swift; path = AlbumSearchView.swift; sourceTree = "<group>"; };
		AA0019AA00000000000019AA /* PeepholeImageProcessor.swift */ = {isa = PBXFileReference; lastKnownFileType = sourcecode.swift; path = PeepholeImageProcessor.swift; sourceTree = "<group>"; };
		AA0020AA00000000000020AA /* PeepholeAlbumCover.swift */ = {isa = PBXFileReference; lastKnownFileType = sourcecode.swift; path = PeepholeAlbumCover.swift; sourceTree = "<group>"; };
		AA0021AA00000000000021AA /* PeepholeLensOverlay.swift */ = {isa = PBXFileReference; lastKnownFileType = sourcecode.swift; path = PeepholeLensOverlay.swift; sourceTree = "<group>"; };
		AA0022AA00000000000022AA /* PeepholeAlbumCoverTestView.swift */ = {isa = PBXFileReference; lastKnownFileType = sourcecode.swift; path = PeepholeAlbumCoverTestView.swift; sourceTree = "<group>"; };
		AA0023AA00000000000023AA /* PhotoGridFrameKey.swift */ = {isa = PBXFileReference; lastKnownFileType = sourcecode.swift; path = PhotoGridFrameKey.swift; sourceTree = "<group>"; };
		AA0025AA00000000000025AA /* BlockedApp.swift */ = {isa = PBXFileReference; lastKnownFileType = sourcecode.swift; path = BlockedApp.swift; sourceTree = "<group>"; };
		AA0026AA00000000000026AA /* AppBlockingManager.swift */ = {isa = PBXFileReference; lastKnownFileType = sourcecode.swift; path = AppBlockingManager.swift; sourceTree = "<group>"; };
		AA0027AA00000000000027AA /* SettingsView.swift */ = {isa = PBXFileReference; lastKnownFileType = sourcecode.swift; path = SettingsView.swift; sourceTree = "<group>"; };
		AA0028AA00000000000028AA /* ModeBadge.swift */ = {isa = PBXFileReference; lastKnownFileType = sourcecode.swift; path = ModeBadge.swift; sourceTree = "<group>"; };
		AA0031AA00000000000031AA /* ExitIYSOModal.swift */ = {isa = PBXFileReference; lastKnownFileType = sourcecode.swift; path = ExitIYSOModal.swift; sourceTree = "<group>"; };
		AA0032AA00000000000032AA /* OnboardingProgressDots.swift */ = {isa = PBXFileReference; lastKnownFileType = sourcecode.swift; path = OnboardingProgressDots.swift; sourceTree = "<group>"; };
		AA0033AA00000000000033AA /* NameEntryScreen.swift */ = {isa = PBXFileReference; lastKnownFileType = sourcecode.swift; path = NameEntryScreen.swift; sourceTree = "<group>"; };
		AA0034AA00000000000034AA /* WelcomeScreen.swift */ = {isa = PBXFileReference; lastKnownFileType = sourcecode.swift; path = WelcomeScreen.swift; sourceTree = "<group>"; };
		AA0035AA00000000000035AA /* ExplainerScreen.swift */ = {isa = PBXFileReference; lastKnownFileType = sourcecode.swift; path = ExplainerScreen.swift; sourceTree = "<group>"; };
		AA0036AA00000000000036AA /* AppBlockingSetupScreen.swift */ = {isa = PBXFileReference; lastKnownFileType = sourcecode.swift; path = AppBlockingSetupScreen.swift; sourceTree = "<group>"; };
		AA0039AA00000000000039AA /* MemoryModeEntryScreen.swift */ = {isa = PBXFileReference; lastKnownFileType = sourcecode.swift; path = MemoryModeEntryScreen.swift; sourceTree = "<group>"; };
		AA0040AA00000000000040AA /* OnboardingCoordinator.swift */ = {isa = PBXFileReference; lastKnownFileType = sourcecode.swift; path = OnboardingCoordinator.swift; sourceTree = "<group>"; };
		AA0041AA00000000000041AA /* Digicam.entitlements */ = {isa = PBXFileReference; lastKnownFileType = text.plist.entitlements; path = Digicam.entitlements; sourceTree = "<group>"; };
		AA0042AA00000000000042AA /* AppCapabilities.swift */ = {isa = PBXFileReference; lastKnownFileType = sourcecode.swift; path = AppCapabilities.swift; sourceTree = "<group>"; };
		AA0043AA00000000000043AA /* IYSOLoadingScreen.swift */ = {isa = PBXFileReference; lastKnownFileType = sourcecode.swift; path = IYSOLoadingScreen.swift; sourceTree = "<group>"; };
		AA0044AA00000000000044AA /* CapturePermissionSetupScreen.swift */ = {isa = PBXFileReference; lastKnownFileType = sourcecode.swift; path = CapturePermissionSetupScreen.swift; sourceTree = "<group>"; };
		AA0045AA00000000000045AA /* IYSOFont.swift */ = {isa = PBXFileReference; lastKnownFileType = sourcecode.swift; path = IYSOFont.swift; sourceTree = "<group>"; };
		AA0046AA00000000000046AA /* BootzyTM.ttf */ = {isa = PBXFileReference; lastKnownFileType = file; path = BootzyTM.ttf; sourceTree = "<group>"; };
		AA0047AA00000000000047AA /* Inter-Regular.ttf */ = {isa = PBXFileReference; lastKnownFileType = file; path = "Inter-Regular.ttf"; sourceTree = "<group>"; };
		AA0048AA00000000000048AA /* IYSOGlassSurface.swift */ = {isa = PBXFileReference; lastKnownFileType = sourcecode.swift; path = IYSOGlassSurface.swift; sourceTree = "<group>"; };
		AA0049AA00000000000049AA /* OnboardingContinueButton.swift */ = {isa = PBXFileReference; lastKnownFileType = sourcecode.swift; path = OnboardingContinueButton.swift; sourceTree = "<group>"; };
		AA004AAA0000000000004AAA /* OnboardingBackButton.swift */ = {isa = PBXFileReference; lastKnownFileType = sourcecode.swift; path = OnboardingBackButton.swift; sourceTree = "<group>"; };
		AA004CAA0000000000004CAA /* IYSOShootingModeAnimationView.swift */ = {isa = PBXFileReference; lastKnownFileType = sourcecode.swift; path = IYSOShootingModeAnimationView.swift; sourceTree = "<group>"; };
		AA004DAA0000000000004DAA /* ExitIYSOModeButton.swift */ = {isa = PBXFileReference; lastKnownFileType = sourcecode.swift; path = ExitIYSOModeButton.swift; sourceTree = "<group>"; };
		AA004EAA0000000000004EAA /* ExitIYSOModeAnimationView.swift */ = {isa = PBXFileReference; lastKnownFileType = sourcecode.swift; path = ExitIYSOModeAnimationView.swift; sourceTree = "<group>"; };
		AA0050AA00000000000050AA /* DebugOverrides.swift */ = {isa = PBXFileReference; lastKnownFileType = sourcecode.swift; path = DebugOverrides.swift; sourceTree = "<group>"; };
		AA0051AA00000000000051AA /* PhotoFileNameEditView.swift */ = {isa = PBXFileReference; lastKnownFileType = sourcecode.swift; path = PhotoFileNameEditView.swift; sourceTree = "<group>"; };
		AA0052AA00000000000052AA /* BlockedAppIconView.swift */ = {isa = PBXFileReference; lastKnownFileType = sourcecode.swift; path = BlockedAppIconView.swift; sourceTree = "<group>"; };
		AA0053AA00000000000053AA /* Digicam.entitlements.dev */ = {isa = PBXFileReference; lastKnownFileType = text.plist.entitlements; path = Digicam.entitlements.dev; sourceTree = "<group>"; };
		AA0054AA00000000000054AA /* Digicam.entitlements.production */ = {isa = PBXFileReference; lastKnownFileType = text.plist.entitlements; path = Digicam.entitlements.production; sourceTree = "<group>"; };
		AA0056AA00000000000056AA /* IYSOStateManager.swift */ = {isa = PBXFileReference; lastKnownFileType = sourcecode.swift; path = IYSOStateManager.swift; sourceTree = "<group>"; };
		AA0057AA00000000000057AA /* AppBlockingSettingsView.swift */ = {isa = PBXFileReference; lastKnownFileType = sourcecode.swift; path = AppBlockingSettingsView.swift; sourceTree = "<group>"; };
		AA0058AA00000000000058AA /* EnterIYSOModeModal.swift */ = {isa = PBXFileReference; lastKnownFileType = sourcecode.swift; path = EnterIYSOModeModal.swift; sourceTree = "<group>"; };
		AA0059AA00000000000059AA /* FamilyControlsSetupPanel.swift */ = {isa = PBXFileReference; lastKnownFileType = sourcecode.swift; path = FamilyControlsSetupPanel.swift; sourceTree = "<group>"; };
		AA0060AA00000000000060AA /* IYSOReturnNotificationCenter.swift */ = {isa = PBXFileReference; lastKnownFileType = sourcecode.swift; path = IYSOReturnNotificationCenter.swift; sourceTree = "<group>"; };
		AA0061AA00000000000061AA /* ShieldConfigurationExtension.swift */ = {isa = PBXFileReference; lastKnownFileType = sourcecode.swift; path = ShieldConfigurationExtension.swift; sourceTree = "<group>"; };
		AA0062AA00000000000062AA /* ShieldActionExtension.swift */ = {isa = PBXFileReference; lastKnownFileType = sourcecode.swift; path = ShieldActionExtension.swift; sourceTree = "<group>"; };
		AA0063AA00000000000063AA /* IYSOShieldConfiguration.entitlements */ = {isa = PBXFileReference; lastKnownFileType = text.plist.entitlements; path = IYSOShieldConfiguration.entitlements; sourceTree = "<group>"; };
		AA0064AA00000000000064AA /* Info.plist */ = {isa = PBXFileReference; lastKnownFileType = text.plist.xml; path = Info.plist; sourceTree = "<group>"; };
		AA0065AA00000000000065AA /* IYSOShieldAction.entitlements */ = {isa = PBXFileReference; lastKnownFileType = text.plist.entitlements; path = IYSOShieldAction.entitlements; sourceTree = "<group>"; };
		AA0066AA00000000000066AA /* Info.plist */ = {isa = PBXFileReference; lastKnownFileType = text.plist.xml; path = Info.plist; sourceTree = "<group>"; };
		AA0067AA00000000000067AA /* LensAttachAnimationView.swift */ = {isa = PBXFileReference; lastKnownFileType = sourcecode.swift; path = LensAttachAnimationView.swift; sourceTree = "<group>"; };
		DD0002AA00000000000002AA /* IYSO.app */ = {isa = PBXFileReference; explicitFileType = wrapper.application; includeInIndex = 0; path = IYSO.app; sourceTree = BUILT_PRODUCTS_DIR; };
		DD0003AA00000000000003AA /* IYSOShieldConfiguration.appex */ = {isa = PBXFileReference; explicitFileType = "wrapper.app-extension"; includeInIndex = 0; path = IYSOShieldConfiguration.appex; sourceTree = BUILT_PRODUCTS_DIR; };
		DD0004AA00000000000004AA /* IYSOShieldAction.appex */ = {isa = PBXFileReference; explicitFileType = "wrapper.app-extension"; includeInIndex = 0; path = IYSOShieldAction.appex; sourceTree = BUILT_PRODUCTS_DIR; };
		KK0001AA00000000000001AA /* ManagedSettings.framework */ = {isa = PBXFileReference; lastKnownFileType = wrapper.framework; name = ManagedSettings.framework; path = System/Library/Frameworks/ManagedSettings.framework; sourceTree = SDKROOT; };
		KK0002AA00000000000002AA /* ManagedSettingsUI.framework */ = {isa = PBXFileReference; lastKnownFileType = wrapper.framework; name = ManagedSettingsUI.framework; path = System/Library/Frameworks/ManagedSettingsUI.framework; sourceTree = SDKROOT; };
/* End PBXFileReference section */

/* Begin PBXFrameworksBuildPhase section */
		EE0003AA00000000000003AA /* Frameworks */ = {
			isa = PBXFrameworksBuildPhase;
			buildActionMask = 2147483647;
			files = (
			);
			runOnlyForDeploymentPostprocessing = 0;
		};
		EE0007AA00000000000007AA /* Frameworks */ = {
			isa = PBXFrameworksBuildPhase;
			buildActionMask = 2147483647;
			files = (
				EE0004AA00000000000004AA /* ManagedSettingsUI.framework in Frameworks */,
				EE0005AA00000000000005AA /* ManagedSettings.framework in Frameworks */,
			);
			runOnlyForDeploymentPostprocessing = 0;
		};
		EE0008AA00000000000008AA /* Frameworks */ = {
			isa = PBXFrameworksBuildPhase;
			buildActionMask = 2147483647;
			files = (
				EE0006AA00000000000006AA /* ManagedSettings.framework in Frameworks */,
			);
			runOnlyForDeploymentPostprocessing = 0;
		};
/* End PBXFrameworksBuildPhase section */

/* Begin PBXGroup section */
		AF701EEA2FC937BF000C1C17 /* Recovered References */ = {
			isa = PBXGroup;
			children = (
				KK0002AA00000000000002AA /* ManagedSettingsUI.framework */,
				KK0001AA00000000000001AA /* ManagedSettings.framework */,
			);
			name = "Recovered References";
			sourceTree = "<group>";
		};
		CC0000AA00000000000000AA = {
			isa = PBXGroup;
			children = (
				CC0001AA00000000000001AA /* IYSO */,
				CC0002AA00000000000002AA /* Products */,
				AF701EEA2FC937BF000C1C17 /* Recovered References */,
			);
			sourceTree = "<group>";
		};
		CC0001AA00000000000001AA /* IYSO */ = {
			isa = PBXGroup;
			children = (
				CC0003AA00000000000003AA /* App */,
				CC0004AA00000000000004AA /* Camera */,
				CC0012AA00000000000012AA /* Debug */,
				CC0013AA00000000000013AA /* Extensions */,
				CC0005AA00000000000005AA /* UI */,
				CC0007AA00000000000007AA /* Gallery */,
				CC0009AA00000000000009AA /* Settings */,
				CC0010AA00000000000010AA /* Onboarding */,
				CC0006AA00000000000006AA /* Resources */,
			);
			path = IYSO;
			sourceTree = "<group>";
		};
		CC0002AA00000000000002AA /* Products */ = {
			isa = PBXGroup;
			children = (
				DD0002AA00000000000002AA /* IYSO.app */,
				DD0003AA00000000000003AA /* IYSOShieldConfiguration.appex */,
				DD0004AA00000000000004AA /* IYSOShieldAction.appex */,
			);
			name = Products;
			sourceTree = "<group>";
		};
		CC0003AA00000000000003AA /* App */ = {
			isa = PBXGroup;
			children = (
				AA0001AA00000000000001AA /* DigicamApp.swift */,
				AA0042AA00000000000042AA /* AppCapabilities.swift */,
				AA0056AA00000000000056AA /* IYSOStateManager.swift */,
				AA0060AA00000000000060AA /* IYSOReturnNotificationCenter.swift */,
				AA0006AA00000000000006AA /* Info.plist */,
				AA0041AA00000000000041AA /* Digicam.entitlements */,
				AA0053AA00000000000053AA /* Digicam.entitlements.dev */,
				AA0054AA00000000000054AA /* Digicam.entitlements.production */,
			);
			path = App;
			sourceTree = "<group>";
		};
		CC0004AA00000000000004AA /* Camera */ = {
			isa = PBXGroup;
			children = (
				AA0003AA00000000000003AA /* CameraManager.swift */,
				AA0004AA00000000000004AA /* CameraPreviewView.swift */,
				AA0005AA00000000000005AA /* PhotoCaptureProcessor.swift */,
			);
			path = Camera;
			sourceTree = "<group>";
		};
		CC0005AA00000000000005AA /* UI */ = {
			isa = PBXGroup;
			children = (
				AA0002AA00000000000002AA /* ContentView.swift */,
				AA0008AA00000000000008AA /* GalleryView.swift */,
				AA0009AA00000000000009AA /* AppRootView.swift */,
				AA0043AA00000000000043AA /* IYSOLoadingScreen.swift */,
				AA0045AA00000000000045AA /* IYSOFont.swift */,
				AA0048AA00000000000048AA /* IYSOGlassSurface.swift */,
				AA0010AA00000000000010AA /* BottomToggle.swift */,
				AA0028AA00000000000028AA /* ModeBadge.swift */,
				AA0058AA00000000000058AA /* EnterIYSOModeModal.swift */,
				AA0031AA00000000000031AA /* ExitIYSOModal.swift */,
				AA004DAA0000000000004DAA /* ExitIYSOModeButton.swift */,
				AA0019AA00000000000019AA /* PeepholeImageProcessor.swift */,
				AA0020AA00000000000020AA /* PeepholeAlbumCover.swift */,
				AA0021AA00000000000021AA /* PeepholeLensOverlay.swift */,
				AA0022AA00000000000022AA /* PeepholeAlbumCoverTestView.swift */,
				AA0052AA00000000000052AA /* BlockedAppIconView.swift */,
			);
			path = UI;
			sourceTree = "<group>";
		};
		CC0006AA00000000000006AA /* Resources */ = {
			isa = PBXGroup;
			children = (
				AA0007AA00000000000007AA /* Assets.xcassets */,
				CC0011AA00000000000011AA /* Fonts */,
			);
			path = Resources;
			sourceTree = "<group>";
		};
		CC0007AA00000000000007AA /* Gallery */ = {
			isa = PBXGroup;
			children = (
				AA0011AA00000000000011AA /* PhotoLibraryManager.swift */,
				AA0012AA00000000000012AA /* AlbumGridView.swift */,
				AA0013AA00000000000013AA /* AlbumDetailView.swift */,
				AA0014AA00000000000014AA /* PhotoDetailView.swift */,
				AA0023AA00000000000023AA /* PhotoGridFrameKey.swift */,
				AA0015AA00000000000015AA /* RotaryNavigationView.swift */,
				AA0016AA00000000000016AA /* AlbumEditView.swift */,
				AA0017AA00000000000017AA /* AlbumSearchUtility.swift */,
				AA0018AA00000000000018AA /* AlbumSearchView.swift */,
				AA0051AA00000000000051AA /* PhotoFileNameEditView.swift */,
			);
			path = Gallery;
			sourceTree = "<group>";
		};
		CC0009AA00000000000009AA /* Settings */ = {
			isa = PBXGroup;
			children = (
				AA0025AA00000000000025AA /* BlockedApp.swift */,
				AA0026AA00000000000026AA /* AppBlockingManager.swift */,
				AA0027AA00000000000027AA /* SettingsView.swift */,
				AA0057AA00000000000057AA /* AppBlockingSettingsView.swift */,
				AA0059AA00000000000059AA /* FamilyControlsSetupPanel.swift */,
			);
			path = Settings;
			sourceTree = "<group>";
		};
		CC0010AA00000000000010AA /* Onboarding */ = {
			isa = PBXGroup;
			children = (
				AA0032AA00000000000032AA /* OnboardingProgressDots.swift */,
				AA0049AA00000000000049AA /* OnboardingContinueButton.swift */,
				AA004AAA0000000000004AAA /* OnboardingBackButton.swift */,
				AA0033AA00000000000033AA /* NameEntryScreen.swift */,
				AA0034AA00000000000034AA /* WelcomeScreen.swift */,
				AA0035AA00000000000035AA /* ExplainerScreen.swift */,
				AA004CAA0000000000004CAA /* IYSOShootingModeAnimationView.swift */,
				AA0067AA00000000000067AA /* LensAttachAnimationView.swift */,
				AA004EAA0000000000004EAA /* ExitIYSOModeAnimationView.swift */,
				AA0044AA00000000000044AA /* CapturePermissionSetupScreen.swift */,
				AA0036AA00000000000036AA /* AppBlockingSetupScreen.swift */,
				AA0039AA00000000000039AA /* MemoryModeEntryScreen.swift */,
				AA0040AA00000000000040AA /* OnboardingCoordinator.swift */,
			);
			path = Onboarding;
			sourceTree = "<group>";
		};
		CC0011AA00000000000011AA /* Fonts */ = {
			isa = PBXGroup;
			children = (
				AA0046AA00000000000046AA /* BootzyTM.ttf */,
				AA0047AA00000000000047AA /* Inter-Regular.ttf */,
			);
			path = Fonts;
			sourceTree = "<group>";
		};
		CC0012AA00000000000012AA /* Debug */ = {
			isa = PBXGroup;
			children = (
				AA0050AA00000000000050AA /* DebugOverrides.swift */,
			);
			path = Debug;
			sourceTree = "<group>";
		};
		CC0013AA00000000000013AA /* Extensions */ = {
			isa = PBXGroup;
			children = (
				CC0014AA00000000000014AA /* IYSOShieldConfiguration */,
				CC0015AA00000000000015AA /* IYSOShieldAction */,
			);
			path = Extensions;
			sourceTree = "<group>";
		};
		CC0014AA00000000000014AA /* IYSOShieldConfiguration */ = {
			isa = PBXGroup;
			children = (
				AA0061AA00000000000061AA /* ShieldConfigurationExtension.swift */,
				AA0063AA00000000000063AA /* IYSOShieldConfiguration.entitlements */,
				AA0064AA00000000000064AA /* Info.plist */,
			);
			path = IYSOShieldConfiguration;
			sourceTree = "<group>";
		};
		CC0015AA00000000000015AA /* IYSOShieldAction */ = {
			isa = PBXGroup;
			children = (
				AA0062AA00000000000062AA /* ShieldActionExtension.swift */,
				AA0065AA00000000000065AA /* IYSOShieldAction.entitlements */,
				AA0066AA00000000000066AA /* Info.plist */,
			);
			path = IYSOShieldAction;
			sourceTree = "<group>";
		};
/* End PBXGroup section */

/* Begin PBXNativeTarget section */
		DD0001AA00000000000001AA /* IYSO */ = {
			isa = PBXNativeTarget;
			buildConfigurationList = GG0002AA00000000000002AA /* Build configuration list for PBXNativeTarget "IYSO" */;
			buildPhases = (
				EE0001AA00000000000001AA /* Sources */,
				EE0002AA00000000000002AA /* Resources */,
				EE0003AA00000000000003AA /* Frameworks */,
				II0001AA00000000000001AA /* Embed Foundation Extensions */,
			);
			buildRules = (
			);
			dependencies = (
				KK0005AA00000000000005AA /* PBXTargetDependency */,
				KK0006AA00000000000006AA /* PBXTargetDependency */,
			);
			name = IYSO;
			productName = IYSO;
			productReference = DD0002AA00000000000002AA /* IYSO.app */;
			productType = "com.apple.product-type.application";
		};
		DD0005AA00000000000005AA /* IYSOShieldConfiguration */ = {
			isa = PBXNativeTarget;
			buildConfigurationList = GG0003AA00000000000003AA /* Build configuration list for PBXNativeTarget "IYSOShieldConfiguration" */;
			buildPhases = (
				EE0009AA00000000000009AA /* Sources */,
				EE0007AA00000000000007AA /* Frameworks */,
			);
			buildRules = (
			);
			dependencies = (
			);
			name = IYSOShieldConfiguration;
			productName = IYSOShieldConfiguration;
			productReference = DD0003AA00000000000003AA /* IYSOShieldConfiguration.appex */;
			productType = "com.apple.product-type.app-extension";
		};
		DD0006AA00000000000006AA /* IYSOShieldAction */ = {
			isa = PBXNativeTarget;
			buildConfigurationList = GG0004AA00000000000004AA /* Build configuration list for PBXNativeTarget "IYSOShieldAction" */;
			buildPhases = (
				EE0010AA00000000000010AA /* Sources */,
				EE0008AA00000000000008AA /* Frameworks */,
			);
			buildRules = (
			);
			dependencies = (
			);
			name = IYSOShieldAction;
			productName = IYSOShieldAction;
			productReference = DD0004AA00000000000004AA /* IYSOShieldAction.appex */;
			productType = "com.apple.product-type.app-extension";
		};
/* End PBXNativeTarget section */

/* Begin PBXProject section */
		HH0001AA00000000000001AA /* Project object */ = {
			isa = PBXProject;
			attributes = {
				BuildIndependentTargetsInParallel = 1;
				LastSwiftUpdateCheck = 1500;
				LastUpgradeCheck = 1500;
				TargetAttributes = {
					DD0001AA00000000000001AA = {
						CreatedOnToolsVersion = 15.0;
					};
					DD0005AA00000000000005AA = {
						CreatedOnToolsVersion = 15.0;
					};
					DD0006AA00000000000006AA = {
						CreatedOnToolsVersion = 15.0;
					};
				};
			};
			buildConfigurationList = GG0001AA00000000000001AA /* Build configuration list for PBXProject "IYSO" */;
			compatibilityVersion = "Xcode 14.0";
			developmentRegion = en;
			hasScannedForEncodings = 0;
			knownRegions = (
				en,
				Base,
			);
			mainGroup = CC0000AA00000000000000AA;
			productRefGroup = CC0002AA00000000000002AA /* Products */;
			projectDirPath = "";
			projectRoot = "";
			targets = (
				DD0001AA00000000000001AA /* IYSO */,
				DD0005AA00000000000005AA /* IYSOShieldConfiguration */,
				DD0006AA00000000000006AA /* IYSOShieldAction */,
			);
		};
/* End PBXProject section */

/* Begin PBXResourcesBuildPhase section */
		EE0002AA00000000000002AA /* Resources */ = {
			isa = PBXResourcesBuildPhase;
			buildActionMask = 2147483647;
			files = (
				BB0007AA00000000000007AA /* Assets.xcassets in Resources */,
				BB0046AA00000000000046AA /* BootzyTM.ttf in Resources */,
				BB0047AA00000000000047AA /* Inter-Regular.ttf in Resources */,
			);
			runOnlyForDeploymentPostprocessing = 0;
		};
/* End PBXResourcesBuildPhase section */

/* Begin PBXSourcesBuildPhase section */
		EE0001AA00000000000001AA /* Sources */ = {
			isa = PBXSourcesBuildPhase;
			buildActionMask = 2147483647;
			files = (
				BB0001AA00000000000001AA /* DigicamApp.swift in Sources */,
				BB0042AA00000000000042AA /* AppCapabilities.swift in Sources */,
				BB0002AA00000000000002AA /* ContentView.swift in Sources */,
				BB0003AA00000000000003AA /* CameraManager.swift in Sources */,
				BB0004AA00000000000004AA /* CameraPreviewView.swift in Sources */,
				BB0005AA00000000000005AA /* PhotoCaptureProcessor.swift in Sources */,
				BB0008AA00000000000008AA /* GalleryView.swift in Sources */,
				BB0009AA00000000000009AA /* AppRootView.swift in Sources */,
				BB0050AA00000000000050AA /* DebugOverrides.swift in Sources */,
				BB0052AA00000000000052AA /* BlockedAppIconView.swift in Sources */,
				BB0010AA00000000000010AA /* BottomToggle.swift in Sources */,
				BB0011AA00000000000011AA /* PhotoLibraryManager.swift in Sources */,
				BB0012AA00000000000012AA /* AlbumGridView.swift in Sources */,
				BB0013AA00000000000013AA /* AlbumDetailView.swift in Sources */,
				BB0014AA00000000000014AA /* PhotoDetailView.swift in Sources */,
				BB0023AA00000000000023AA /* PhotoGridFrameKey.swift in Sources */,
				BB0015AA00000000000015AA /* RotaryNavigationView.swift in Sources */,
				BB0016AA00000000000016AA /* AlbumEditView.swift in Sources */,
				BB0017AA00000000000017AA /* AlbumSearchUtility.swift in Sources */,
				BB0018AA00000000000018AA /* AlbumSearchView.swift in Sources */,
				BB0051AA00000000000051AA /* PhotoFileNameEditView.swift in Sources */,
				BB0019AA00000000000019AA /* PeepholeImageProcessor.swift in Sources */,
				BB0020AA00000000000020AA /* PeepholeAlbumCover.swift in Sources */,
				BB0021AA00000000000021AA /* PeepholeLensOverlay.swift in Sources */,
				BB0022AA00000000000022AA /* PeepholeAlbumCoverTestView.swift in Sources */,
				BB0025AA00000000000025AA /* BlockedApp.swift in Sources */,
				BB0026AA00000000000026AA /* AppBlockingManager.swift in Sources */,
				BB0027AA00000000000027AA /* SettingsView.swift in Sources */,
				BB0028AA00000000000028AA /* ModeBadge.swift in Sources */,
				BB0058AA00000000000058AA /* EnterIYSOModeModal.swift in Sources */,
				BB0031AA00000000000031AA /* ExitIYSOModal.swift in Sources */,
				BB0032AA00000000000032AA /* OnboardingProgressDots.swift in Sources */,
				BB0033AA00000000000033AA /* NameEntryScreen.swift in Sources */,
				BB0034AA00000000000034AA /* WelcomeScreen.swift in Sources */,
				BB0035AA00000000000035AA /* ExplainerScreen.swift in Sources */,
				BB004CAA0000000000004CAA /* IYSOShootingModeAnimationView.swift in Sources */,
				BB0067AA00000000000067AA /* LensAttachAnimationView.swift in Sources */,
				BB004DAA0000000000004DAA /* ExitIYSOModeButton.swift in Sources */,
				BB004EAA0000000000004EAA /* ExitIYSOModeAnimationView.swift in Sources */,
				BB0044AA00000000000044AA /* CapturePermissionSetupScreen.swift in Sources */,
				BB0036AA00000000000036AA /* AppBlockingSetupScreen.swift in Sources */,
				BB0039AA00000000000039AA /* MemoryModeEntryScreen.swift in Sources */,
				BB0040AA00000000000040AA /* OnboardingCoordinator.swift in Sources */,
				BB0043AA00000000000043AA /* IYSOLoadingScreen.swift in Sources */,
				BB0045AA00000000000045AA /* IYSOFont.swift in Sources */,
				BB0048AA00000000000048AA /* IYSOGlassSurface.swift in Sources */,
				BB0049AA00000000000049AA /* OnboardingContinueButton.swift in Sources */,
				BB004AAA0000000000004AAA /* OnboardingBackButton.swift in Sources */,
				BB0056AA00000000000056AA /* IYSOStateManager.swift in Sources */,
				BB0057AA00000000000057AA /* AppBlockingSettingsView.swift in Sources */,
				BB0059AA00000000000059AA /* FamilyControlsSetupPanel.swift in Sources */,
				BB0060AA00000000000060AA /* IYSOReturnNotificationCenter.swift in Sources */,
			);
			runOnlyForDeploymentPostprocessing = 0;
		};
		EE0009AA00000000000009AA /* Sources */ = {
			isa = PBXSourcesBuildPhase;
			buildActionMask = 2147483647;
			files = (
				BB0061AA00000000000061AA /* ShieldConfigurationExtension.swift in Sources */,
			);
			runOnlyForDeploymentPostprocessing = 0;
		};
		EE0010AA00000000000010AA /* Sources */ = {
			isa = PBXSourcesBuildPhase;
			buildActionMask = 2147483647;
			files = (
				BB0062AA00000000000062AA /* ShieldActionExtension.swift in Sources */,
			);
			runOnlyForDeploymentPostprocessing = 0;
		};
/* End PBXSourcesBuildPhase section */

/* Begin PBXTargetDependency section */
		KK0005AA00000000000005AA /* PBXTargetDependency */ = {
			isa = PBXTargetDependency;
			target = DD0005AA00000000000005AA /* IYSOShieldConfiguration */;
			targetProxy = KK0003AA00000000000003AA /* PBXContainerItemProxy */;
		};
		KK0006AA00000000000006AA /* PBXTargetDependency */ = {
			isa = PBXTargetDependency;
			target = DD0006AA00000000000006AA /* IYSOShieldAction */;
			targetProxy = KK0004AA00000000000004AA /* PBXContainerItemProxy */;
		};
/* End PBXTargetDependency section */

/* Begin XCBuildConfiguration section */
		FF0001AA00000000000001AA /* Debug */ = {
			isa = XCBuildConfiguration;
			buildSettings = {
				ALWAYS_SEARCH_USER_PATHS = NO;
				CLANG_ANALYZER_NONNULL = YES;
				CLANG_ANALYZER_NUMBER_OBJECT_CONVERSION = YES_AGGRESSIVE;
				CLANG_CXX_LANGUAGE_STANDARD = "gnu++20";
				CLANG_ENABLE_MODULES = YES;
				CLANG_ENABLE_OBJC_ARC = YES;
				CLANG_ENABLE_OBJC_WEAK = YES;
				CLANG_WARN_BLOCK_CAPTURE_AUTORELEASING = YES;
				CLANG_WARN_BOOL_CONVERSION = YES;
				CLANG_WARN_COMMA = YES;
				CLANG_WARN_CONSTANT_CONVERSION = YES;
				CLANG_WARN_DEPRECATED_OBJC_IMPLEMENTATIONS = YES;
				CLANG_WARN_DIRECT_OBJC_ISA_USAGE = YES_ERROR;
				CLANG_WARN_DOCUMENTATION_COMMENTS = YES;
				CLANG_WARN_EMPTY_BODY = YES;
				CLANG_WARN_ENUM_CONVERSION = YES;
				CLANG_WARN_INFINITE_RECURSION = YES;
				CLANG_WARN_INT_CONVERSION = YES;
				CLANG_WARN_NON_LITERAL_NULL_CONVERSION = YES;
				CLANG_WARN_OBJC_IMPLICIT_RETAIN_SELF = YES;
				CLANG_WARN_OBJC_LITERAL_CONVERSION = YES;
				CLANG_WARN_OBJC_ROOT_CLASS = YES_ERROR;
				CLANG_WARN_QUOTED_INCLUDE_IN_FRAMEWORK_HEADER = YES;
				CLANG_WARN_RANGE_LOOP_ANALYSIS = YES;
				CLANG_WARN_STRICT_PROTOTYPES = YES;
				CLANG_WARN_SUSPICIOUS_MOVE = YES;
				CLANG_WARN_UNGUARDED_AVAILABILITY = YES_AGGRESSIVE;
				CLANG_WARN_UNREACHABLE_CODE = YES;
				CLANG_WARN__DUPLICATE_METHOD_MATCH = YES;
				COPY_PHASE_STRIP = NO;
				DEBUG_INFORMATION_FORMAT = dwarf;
				ENABLE_STRICT_OBJC_MSGSEND = YES;
				ENABLE_TESTABILITY = YES;
				GCC_C_LANGUAGE_STANDARD = gnu17;
				GCC_DYNAMIC_NO_PIC = NO;
				GCC_NO_COMMON_BLOCKS = YES;
				GCC_OPTIMIZATION_LEVEL = 0;
				GCC_PREPROCESSOR_DEFINITIONS = (
					"DEBUG=1",
					"$(inherited)",
				);
				GCC_WARN_64_TO_32_BIT_CONVERSION = YES;
				GCC_WARN_ABOUT_RETURN_TYPE = YES_ERROR;
				GCC_WARN_UNDECLARED_SELECTOR = YES;
				GCC_WARN_UNINITIALIZED_AUTOS = YES_AGGRESSIVE;
				GCC_WARN_UNUSED_FUNCTION = YES;
				GCC_WARN_UNUSED_VARIABLE = YES;
				IPHONEOS_DEPLOYMENT_TARGET = 16.0;
				MTL_ENABLE_DEBUG_INFO = INCLUDE_SOURCE;
				MTL_FAST_MATH = YES;
				ONLY_ACTIVE_ARCH = YES;
				SDKROOT = iphoneos;
				SWIFT_ACTIVE_COMPILATION_CONDITIONS = DEBUG;
				SWIFT_OPTIMIZATION_LEVEL = "-Onone";
			};
			name = Debug;
		};
		FF0002AA00000000000002AA /* Release */ = {
			isa = XCBuildConfiguration;
			buildSettings = {
				ALWAYS_SEARCH_USER_PATHS = NO;
				CLANG_ANALYZER_NONNULL = YES;
				CLANG_ANALYZER_NUMBER_OBJECT_CONVERSION = YES_AGGRESSIVE;
				CLANG_CXX_LANGUAGE_STANDARD = "gnu++20";
				CLANG_ENABLE_MODULES = YES;
				CLANG_ENABLE_OBJC_ARC = YES;
				CLANG_ENABLE_OBJC_WEAK = YES;
				CLANG_WARN_BLOCK_CAPTURE_AUTORELEASING = YES;
				CLANG_WARN_BOOL_CONVERSION = YES;
				CLANG_WARN_COMMA = YES;
				CLANG_WARN_CONSTANT_CONVERSION = YES;
				CLANG_WARN_DEPRECATED_OBJC_IMPLEMENTATIONS = YES;
				CLANG_WARN_DIRECT_OBJC_ISA_USAGE = YES_ERROR;
				CLANG_WARN_DOCUMENTATION_COMMENTS = YES;
				CLANG_WARN_EMPTY_BODY = YES;
				CLANG_WARN_ENUM_CONVERSION = YES;
				CLANG_WARN_INFINITE_RECURSION = YES;
				CLANG_WARN_INT_CONVERSION = YES;
				CLANG_WARN_NON_LITERAL_NULL_CONVERSION = YES;
				CLANG_WARN_OBJC_IMPLICIT_RETAIN_SELF = YES;
				CLANG_WARN_OBJC_LITERAL_CONVERSION = YES;
				CLANG_WARN_OBJC_ROOT_CLASS = YES_ERROR;
				CLANG_WARN_QUOTED_INCLUDE_IN_FRAMEWORK_HEADER = YES;
				CLANG_WARN_RANGE_LOOP_ANALYSIS = YES;
				CLANG_WARN_STRICT_PROTOTYPES = YES;
				CLANG_WARN_SUSPICIOUS_MOVE = YES;
				CLANG_WARN_UNGUARDED_AVAILABILITY = YES_AGGRESSIVE;
				CLANG_WARN_UNREACHABLE_CODE = YES;
				CLANG_WARN__DUPLICATE_METHOD_MATCH = YES;
				COPY_PHASE_STRIP = NO;
				DEBUG_INFORMATION_FORMAT = "dwarf-with-dsym";
				ENABLE_NS_ASSERTIONS = NO;
				ENABLE_STRICT_OBJC_MSGSEND = YES;
				GCC_C_LANGUAGE_STANDARD = gnu17;
				GCC_NO_COMMON_BLOCKS = YES;
				GCC_WARN_64_TO_32_BIT_CONVERSION = YES;
				GCC_WARN_ABOUT_RETURN_TYPE = YES_ERROR;
				GCC_WARN_UNDECLARED_SELECTOR = YES;
				GCC_WARN_UNINITIALIZED_AUTOS = YES_AGGRESSIVE;
				GCC_WARN_UNUSED_FUNCTION = YES;
				GCC_WARN_UNUSED_VARIABLE = YES;
				IPHONEOS_DEPLOYMENT_TARGET = 16.0;
				MTL_FAST_MATH = YES;
				SDKROOT = iphoneos;
				SWIFT_COMPILATION_MODE = wholemodule;
				SWIFT_OPTIMIZATION_LEVEL = "-O";
				VALIDATE_PRODUCT = YES;
			};
			name = Release;
		};
		FF0003AA00000000000003AA /* Debug */ = {
			isa = XCBuildConfiguration;
			buildSettings = {
				ASSETCATALOG_COMPILER_APPICON_NAME = AppIcon;
				ASSETCATALOG_COMPILER_GLOBAL_ACCENT_COLOR_NAME = AccentColor;
				CODE_SIGN_ENTITLEMENTS = IYSO/App/Digicam.entitlements.dev;
				CODE_SIGN_STYLE = Automatic;
				CURRENT_PROJECT_VERSION = 2;
				DEVELOPMENT_TEAM = T73K2F5HAL;
				GENERATE_INFOPLIST_FILE = NO;
				INFOPLIST_FILE = IYSO/App/Info.plist;
				IPHONEOS_DEPLOYMENT_TARGET = 16.0;
				LD_RUNPATH_SEARCH_PATHS = (
					"$(inherited)",
					"@executable_path/Frameworks",
				);
				MARKETING_VERSION = 1.0;
				PRODUCT_BUNDLE_IDENTIFIER = app.iyso;
				PRODUCT_NAME = "$(TARGET_NAME)";
				SWIFT_EMIT_LOC_STRINGS = YES;
				SWIFT_VERSION = 5.0;
				TARGETED_DEVICE_FAMILY = 1;
			};
			name = Debug;
		};
		FF0004AA00000000000004AA /* Release */ = {
			isa = XCBuildConfiguration;
			buildSettings = {
				ASSETCATALOG_COMPILER_APPICON_NAME = AppIcon;
				ASSETCATALOG_COMPILER_GLOBAL_ACCENT_COLOR_NAME = AccentColor;
				CODE_SIGN_ENTITLEMENTS = IYSO/App/Digicam.entitlements;
				CODE_SIGN_STYLE = Automatic;
				CURRENT_PROJECT_VERSION = 2;
				DEVELOPMENT_TEAM = T73K2F5HAL;
				GENERATE_INFOPLIST_FILE = NO;
				INFOPLIST_FILE = IYSO/App/Info.plist;
				IPHONEOS_DEPLOYMENT_TARGET = 16.0;
				LD_RUNPATH_SEARCH_PATHS = (
					"$(inherited)",
					"@executable_path/Frameworks",
				);
				MARKETING_VERSION = 1.0;
				PRODUCT_BUNDLE_IDENTIFIER = app.iyso;
				PRODUCT_NAME = "$(TARGET_NAME)";
				SWIFT_EMIT_LOC_STRINGS = YES;
				SWIFT_VERSION = 5.0;
				TARGETED_DEVICE_FAMILY = 1;
			};
			name = Release;
		};
		FF0005AA00000000000005AA /* Debug */ = {
			isa = XCBuildConfiguration;
			buildSettings = {
				CODE_SIGN_ENTITLEMENTS = IYSO/Extensions/IYSOShieldConfiguration/IYSOShieldConfiguration.entitlements;
				CODE_SIGN_STYLE = Automatic;
				CURRENT_PROJECT_VERSION = 2;
				DEVELOPMENT_TEAM = T73K2F5HAL;
				GENERATE_INFOPLIST_FILE = NO;
				INFOPLIST_FILE = IYSO/Extensions/IYSOShieldConfiguration/Info.plist;
				IPHONEOS_DEPLOYMENT_TARGET = 16.0;
				LD_RUNPATH_SEARCH_PATHS = (
					"$(inherited)",
					"@executable_path/Frameworks",
					"@executable_path/../../Frameworks",
				);
				MARKETING_VERSION = 1.0;
				PRODUCT_BUNDLE_IDENTIFIER = app.iyso.dev.shieldconfiguration;
				PRODUCT_NAME = "$(TARGET_NAME)";
				SKIP_INSTALL = YES;
				SWIFT_EMIT_LOC_STRINGS = NO;
				SWIFT_VERSION = 5.0;
				TARGETED_DEVICE_FAMILY = 1;
			};
			name = Debug;
		};
		FF0006AA00000000000006AA /* Release */ = {
			isa = XCBuildConfiguration;
			buildSettings = {
				CODE_SIGN_ENTITLEMENTS = IYSO/Extensions/IYSOShieldConfiguration/IYSOShieldConfiguration.entitlements;
				CODE_SIGN_STYLE = Automatic;
				CURRENT_PROJECT_VERSION = 2;
				DEVELOPMENT_TEAM = T73K2F5HAL;
				GENERATE_INFOPLIST_FILE = NO;
				INFOPLIST_FILE = IYSO/Extensions/IYSOShieldConfiguration/Info.plist;
				IPHONEOS_DEPLOYMENT_TARGET = 16.0;
				LD_RUNPATH_SEARCH_PATHS = (
					"$(inherited)",
					"@executable_path/Frameworks",
					"@executable_path/../../Frameworks",
				);
				MARKETING_VERSION = 1.0;
				PRODUCT_BUNDLE_IDENTIFIER = app.iyso.shieldconfiguration;
				PRODUCT_NAME = "$(TARGET_NAME)";
				SKIP_INSTALL = YES;
				SWIFT_EMIT_LOC_STRINGS = NO;
				SWIFT_VERSION = 5.0;
				TARGETED_DEVICE_FAMILY = 1;
			};
			name = Release;
		};
		FF0007AA00000000000007AA /* Debug */ = {
			isa = XCBuildConfiguration;
			buildSettings = {
				CODE_SIGN_ENTITLEMENTS = IYSO/Extensions/IYSOShieldAction/IYSOShieldAction.entitlements;
				CODE_SIGN_STYLE = Automatic;
				CURRENT_PROJECT_VERSION = 2;
				DEVELOPMENT_TEAM = T73K2F5HAL;
				GENERATE_INFOPLIST_FILE = NO;
				INFOPLIST_FILE = IYSO/Extensions/IYSOShieldAction/Info.plist;
				IPHONEOS_DEPLOYMENT_TARGET = 16.0;
				LD_RUNPATH_SEARCH_PATHS = (
					"$(inherited)",
					"@executable_path/Frameworks",
					"@executable_path/../../Frameworks",
				);
				MARKETING_VERSION = 1.0;
				PRODUCT_BUNDLE_IDENTIFIER = app.iyso.dev.shieldaction;
				PRODUCT_NAME = "$(TARGET_NAME)";
				SKIP_INSTALL = YES;
				SWIFT_EMIT_LOC_STRINGS = NO;
				SWIFT_VERSION = 5.0;
				TARGETED_DEVICE_FAMILY = 1;
			};
			name = Debug;
		};
		FF0008AA00000000000008AA /* Release */ = {
			isa = XCBuildConfiguration;
			buildSettings = {
				CODE_SIGN_ENTITLEMENTS = IYSO/Extensions/IYSOShieldAction/IYSOShieldAction.entitlements;
				CODE_SIGN_STYLE = Automatic;
				CURRENT_PROJECT_VERSION = 2;
				DEVELOPMENT_TEAM = T73K2F5HAL;
				GENERATE_INFOPLIST_FILE = NO;
				INFOPLIST_FILE = IYSO/Extensions/IYSOShieldAction/Info.plist;
				IPHONEOS_DEPLOYMENT_TARGET = 16.0;
				LD_RUNPATH_SEARCH_PATHS = (
					"$(inherited)",
					"@executable_path/Frameworks",
					"@executable_path/../../Frameworks",
				);
				MARKETING_VERSION = 1.0;
				PRODUCT_BUNDLE_IDENTIFIER = app.iyso.shieldaction;
				PRODUCT_NAME = "$(TARGET_NAME)";
				SKIP_INSTALL = YES;
				SWIFT_EMIT_LOC_STRINGS = NO;
				SWIFT_VERSION = 5.0;
				TARGETED_DEVICE_FAMILY = 1;
			};
			name = Release;
		};
/* End XCBuildConfiguration section */

/* Begin XCConfigurationList section */
		GG0001AA00000000000001AA /* Build configuration list for PBXProject "IYSO" */ = {
			isa = XCConfigurationList;
			buildConfigurations = (
				FF0001AA00000000000001AA /* Debug */,
				FF0002AA00000000000002AA /* Release */,
			);
			defaultConfigurationIsVisible = 0;
			defaultConfigurationName = Release;
		};
		GG0002AA00000000000002AA /* Build configuration list for PBXNativeTarget "IYSO" */ = {
			isa = XCConfigurationList;
			buildConfigurations = (
				FF0003AA00000000000003AA /* Debug */,
				FF0004AA00000000000004AA /* Release */,
			);
			defaultConfigurationIsVisible = 0;
			defaultConfigurationName = Release;
		};
		GG0003AA00000000000003AA /* Build configuration list for PBXNativeTarget "IYSOShieldConfiguration" */ = {
			isa = XCConfigurationList;
			buildConfigurations = (
				FF0005AA00000000000005AA /* Debug */,
				FF0006AA00000000000006AA /* Release */,
			);
			defaultConfigurationIsVisible = 0;
			defaultConfigurationName = Release;
		};
		GG0004AA00000000000004AA /* Build configuration list for PBXNativeTarget "IYSOShieldAction" */ = {
			isa = XCConfigurationList;
			buildConfigurations = (
				FF0007AA00000000000007AA /* Debug */,
				FF0008AA00000000000008AA /* Release */,
			);
			defaultConfigurationIsVisible = 0;
			defaultConfigurationName = Release;
		};
/* End XCConfigurationList section */
	};
	rootObject = HH0001AA00000000000001AA /* Project object */;
}
